# THIS IS AN AUTOGENERATED FILE. DO NOT EDIT THIS FILE DIRECTLY.
# yarn lockfile v1


"@types/google-apps-script@^1.0.14":
  version "1.0.14"
  resolved "https://registry.yarnpkg.com/@types/google-apps-script/-/google-apps-script-1.0.14.tgz#194d0d1c5236651ddae03c512891605c88501839"
  integrity sha512-dxYrClArM39GGlANFbCJiBg+wBmmK5VuBW2/JBaqg6Bo/OpAcXJoQ69zml6HmuHoKJDw1WR+BRxeJ/U9L9dk8A==

typescript@^3.9.5:
  version "3.9.5"
  resolved "https://registry.yarnpkg.com/typescript/-/typescript-3.9.5.tgz#586f0dba300cde8be52dd1ac4f7e1009c1b13f36"
  integrity sha512-hSAifV3k+i6lEoCJ2k6R2Z/rp/H3+8sdmcn5NrS3/3kE7+RyZXm9aqvxWqjEXHAd8b0pShatpcdMTvEdvAJltQ==
